
Microsoft Visual Studio Solution File, Format Version 12.00
# Visual Studio 15
Project("{FAE04EC0-301F-11D3-BF4B-00C04F79EFBC}") = "Assembly-CSharp", "Assembly-CSharp.csproj", "{6B41C35E-4675-328E-A390-07E473758869}"
EndProject
Project("{FAE04EC0-301F-11D3-BF4B-00C04F79EFBC}") = "Assembly-CSharp-firstpass", "Assembly-CSharp-firstpass.csproj", "{7B581F8C-0602-37EF-2A05-C2209CCDBFA7}"
EndProject
Project("{FAE04EC0-301F-11D3-BF4B-00C04F79EFBC}") = "I2TextAnimation", "I2TextAnimation.csproj", "{E13F9280-7F17-060B-F534-883E9108DDB9}"
EndProject
Project("{FAE04EC0-301F-11D3-BF4B-00C04F79EFBC}") = "Boxophobic.Utils.Scripts", "Boxophobic.Utils.Scripts.csproj", "{672DA80D-ACC7-532D-4B18-1E9D8EF88640}"
EndProject
Project("{FAE04EC0-301F-11D3-BF4B-00C04F79EFBC}") = "CFXRDemo", "CFXRDemo.csproj", "{EC089AFD-9D2D-A74A-F535-4C4E4548D970}"
EndProject
Project("{FAE04EC0-301F-11D3-BF4B-00C04F79EFBC}") = "CFXRRuntime", "CFXRRuntime.csproj", "{94AFACD1-490B-29E8-C165-94146EAAD39D}"
EndProject
Project("{FAE04EC0-301F-11D3-BF4B-00C04F79EFBC}") = "Assembly-CSharp-Editor-firstpass", "Assembly-CSharp-Editor-firstpass.csproj", "{8917D3CF-A4CE-9324-1A37-D1BF8520CFAC}"
EndProject
Project("{FAE04EC0-301F-11D3-BF4B-00C04F79EFBC}") = "Assembly-CSharp-Editor", "Assembly-CSharp-Editor.csproj", "{EA54A2CE-77D8-218D-15D0-448C5FE41631}"
EndProject
Project("{FAE04EC0-301F-11D3-BF4B-00C04F79EFBC}") = "I2TextAnimationEditor", "I2TextAnimationEditor.csproj", "{7A7EB166-03A5-F814-5D32-30362C98320D}"
EndProject
Project("{FAE04EC0-301F-11D3-BF4B-00C04F79EFBC}") = "Boxophobic.Utils.Editor", "Boxophobic.Utils.Editor.csproj", "{186C7399-6ECA-0455-5F56-74328BB0883F}"
EndProject
Project("{FAE04EC0-301F-11D3-BF4B-00C04F79EFBC}") = "CFXRDemoEditor", "CFXRDemoEditor.csproj", "{873FD635-2727-392D-10EC-C53AB32E8287}"
EndProject
Project("{FAE04EC0-301F-11D3-BF4B-00C04F79EFBC}") = "CFXREditor", "CFXREditor.csproj", "{4CF73FE3-DE87-E378-70C1-C8F457BBFD78}"
EndProject
Project("{FAE04EC0-301F-11D3-BF4B-00C04F79EFBC}") = "Boxophobic.SkyboxCubemapExtended.Editor", "Boxophobic.SkyboxCubemapExtended.Editor.csproj", "{D338AA8D-231C-F11C-B9FF-423B5F62E6F2}"
EndProject
Global
	GlobalSection(SolutionConfigurationPlatforms) = preSolution
		Debug|Any CPU = Debug|Any CPU
		Release|Any CPU = Release|Any CPU
	EndGlobalSection
	GlobalSection(ProjectConfigurationPlatforms) = postSolution
		{6B41C35E-4675-328E-A390-07E473758869}.Debug|Any CPU.ActiveCfg = Debug|Any CPU
		{6B41C35E-4675-328E-A390-07E473758869}.Debug|Any CPU.Build.0 = Debug|Any CPU
		{6B41C35E-4675-328E-A390-07E473758869}.Release|Any CPU.ActiveCfg = Release|Any CPU
		{6B41C35E-4675-328E-A390-07E473758869}.Release|Any CPU.Build.0 = Release|Any CPU
		{7B581F8C-0602-37EF-2A05-C2209CCDBFA7}.Debug|Any CPU.ActiveCfg = Debug|Any CPU
		{7B581F8C-0602-37EF-2A05-C2209CCDBFA7}.Debug|Any CPU.Build.0 = Debug|Any CPU
		{7B581F8C-0602-37EF-2A05-C2209CCDBFA7}.Release|Any CPU.ActiveCfg = Release|Any CPU
		{7B581F8C-0602-37EF-2A05-C2209CCDBFA7}.Release|Any CPU.Build.0 = Release|Any CPU
		{E13F9280-7F17-060B-F534-883E9108DDB9}.Debug|Any CPU.ActiveCfg = Debug|Any CPU
		{E13F9280-7F17-060B-F534-883E9108DDB9}.Debug|Any CPU.Build.0 = Debug|Any CPU
		{E13F9280-7F17-060B-F534-883E9108DDB9}.Release|Any CPU.ActiveCfg = Release|Any CPU
		{E13F9280-7F17-060B-F534-883E9108DDB9}.Release|Any CPU.Build.0 = Release|Any CPU
		{672DA80D-ACC7-532D-4B18-1E9D8EF88640}.Debug|Any CPU.ActiveCfg = Debug|Any CPU
		{672DA80D-ACC7-532D-4B18-1E9D8EF88640}.Debug|Any CPU.Build.0 = Debug|Any CPU
		{672DA80D-ACC7-532D-4B18-1E9D8EF88640}.Release|Any CPU.ActiveCfg = Release|Any CPU
		{672DA80D-ACC7-532D-4B18-1E9D8EF88640}.Release|Any CPU.Build.0 = Release|Any CPU
		{EC089AFD-9D2D-A74A-F535-4C4E4548D970}.Debug|Any CPU.ActiveCfg = Debug|Any CPU
		{EC089AFD-9D2D-A74A-F535-4C4E4548D970}.Debug|Any CPU.Build.0 = Debug|Any CPU
		{EC089AFD-9D2D-A74A-F535-4C4E4548D970}.Release|Any CPU.ActiveCfg = Release|Any CPU
		{EC089AFD-9D2D-A74A-F535-4C4E4548D970}.Release|Any CPU.Build.0 = Release|Any CPU
		{94AFACD1-490B-29E8-C165-94146EAAD39D}.Debug|Any CPU.ActiveCfg = Debug|Any CPU
		{94AFACD1-490B-29E8-C165-94146EAAD39D}.Debug|Any CPU.Build.0 = Debug|Any CPU
		{94AFACD1-490B-29E8-C165-94146EAAD39D}.Release|Any CPU.ActiveCfg = Release|Any CPU
		{94AFACD1-490B-29E8-C165-94146EAAD39D}.Release|Any CPU.Build.0 = Release|Any CPU
		{8917D3CF-A4CE-9324-1A37-D1BF8520CFAC}.Debug|Any CPU.ActiveCfg = Debug|Any CPU
		{8917D3CF-A4CE-9324-1A37-D1BF8520CFAC}.Debug|Any CPU.Build.0 = Debug|Any CPU
		{8917D3CF-A4CE-9324-1A37-D1BF8520CFAC}.Release|Any CPU.ActiveCfg = Release|Any CPU
		{8917D3CF-A4CE-9324-1A37-D1BF8520CFAC}.Release|Any CPU.Build.0 = Release|Any CPU
		{EA54A2CE-77D8-218D-15D0-448C5FE41631}.Debug|Any CPU.ActiveCfg = Debug|Any CPU
		{EA54A2CE-77D8-218D-15D0-448C5FE41631}.Debug|Any CPU.Build.0 = Debug|Any CPU
		{EA54A2CE-77D8-218D-15D0-448C5FE41631}.Release|Any CPU.ActiveCfg = Release|Any CPU
		{EA54A2CE-77D8-218D-15D0-448C5FE41631}.Release|Any CPU.Build.0 = Release|Any CPU
		{7A7EB166-03A5-F814-5D32-30362C98320D}.Debug|Any CPU.ActiveCfg = Debug|Any CPU
		{7A7EB166-03A5-F814-5D32-30362C98320D}.Debug|Any CPU.Build.0 = Debug|Any CPU
		{7A7EB166-03A5-F814-5D32-30362C98320D}.Release|Any CPU.ActiveCfg = Release|Any CPU
		{7A7EB166-03A5-F814-5D32-30362C98320D}.Release|Any CPU.Build.0 = Release|Any CPU
		{186C7399-6ECA-0455-5F56-74328BB0883F}.Debug|Any CPU.ActiveCfg = Debug|Any CPU
		{186C7399-6ECA-0455-5F56-74328BB0883F}.Debug|Any CPU.Build.0 = Debug|Any CPU
		{186C7399-6ECA-0455-5F56-74328BB0883F}.Release|Any CPU.ActiveCfg = Release|Any CPU
		{186C7399-6ECA-0455-5F56-74328BB0883F}.Release|Any CPU.Build.0 = Release|Any CPU
		{873FD635-2727-392D-10EC-C53AB32E8287}.Debug|Any CPU.ActiveCfg = Debug|Any CPU
		{873FD635-2727-392D-10EC-C53AB32E8287}.Debug|Any CPU.Build.0 = Debug|Any CPU
		{873FD635-2727-392D-10EC-C53AB32E8287}.Release|Any CPU.ActiveCfg = Release|Any CPU
		{873FD635-2727-392D-10EC-C53AB32E8287}.Release|Any CPU.Build.0 = Release|Any CPU
		{4CF73FE3-DE87-E378-70C1-C8F457BBFD78}.Debug|Any CPU.ActiveCfg = Debug|Any CPU
		{4CF73FE3-DE87-E378-70C1-C8F457BBFD78}.Debug|Any CPU.Build.0 = Debug|Any CPU
		{4CF73FE3-DE87-E378-70C1-C8F457BBFD78}.Release|Any CPU.ActiveCfg = Release|Any CPU
		{4CF73FE3-DE87-E378-70C1-C8F457BBFD78}.Release|Any CPU.Build.0 = Release|Any CPU
		{D338AA8D-231C-F11C-B9FF-423B5F62E6F2}.Debug|Any CPU.ActiveCfg = Debug|Any CPU
		{D338AA8D-231C-F11C-B9FF-423B5F62E6F2}.Debug|Any CPU.Build.0 = Debug|Any CPU
		{D338AA8D-231C-F11C-B9FF-423B5F62E6F2}.Release|Any CPU.ActiveCfg = Release|Any CPU
		{D338AA8D-231C-F11C-B9FF-423B5F62E6F2}.Release|Any CPU.Build.0 = Release|Any CPU
	EndGlobalSection
	GlobalSection(SolutionProperties) = preSolution
		HideSolutionNode = FALSE
	EndGlobalSection
EndGlobal
